
Microsoft Visual Studio Solution File, Format Version 12.00
# Visual Studio Version 17
VisualStudioVersion = 17.3.32929.385
MinimumVisualStudioVersion = 10.0.40219.1
Project("{FAE04EC0-301F-11D3-BF4B-00C04F79EFBC}") = "gestion etablisment", "gestion etablisment\gestion etablisment.csproj", "{663424F5-D345-4B80-9207-32264D26C50C}"
EndProject
Global
	GlobalSection(SolutionConfigurationPlatforms) = preSolution
		Debug|Any CPU = Debug|Any CPU
		Release|Any CPU = Release|Any CPU
	EndGlobalSection
	GlobalSection(ProjectConfigurationPlatforms) = postSolution
		{663424F5-D345-4B80-9207-32264D26C50C}.Debug|Any CPU.ActiveCfg = Debug|Any CPU
		{663424F5-D345-4B80-9207-32264D26C50C}.Debug|Any CPU.Build.0 = Debug|Any CPU
		{663424F5-D345-4B80-9207-32264D26C50C}.Release|Any CPU.ActiveCfg = Release|Any CPU
		{663424F5-D345-4B80-9207-32264D26C50C}.Release|Any CPU.Build.0 = Release|Any CPU
	EndGlobalSection
	GlobalSection(SolutionProperties) = preSolution
		HideSolutionNode = FALSE
	EndGlobalSection
	GlobalSection(ExtensibilityGlobals) = postSolution
		SolutionGuid = {D8269B1A-2D04-44F9-B2DC-252E45D3A21A}
	EndGlobalSection
EndGlobal
